{
  "version": 4,
  "terraform_version": "1.14.6",
  "serial": 21,
  "lineage": "32caf603-d1e8-d683-acd8-5ec18e20c229",
  "outputs": {},
  "resources": [
    {
      "mode": "data",
      "type": "azurerm_client_config",
      "name": "current",
      "provider": "provider[\"registry.terraform.io/hashicorp/azurerm\"]",
      "instances": [
        {
          "schema_version": 0,
          "attributes": {
            "client_id": "04b07795-8ddb-461a-bbee-02f9e1bf7b46",
            "id": "Y2xpZW50Q29uZmlncy9jbGllbnRJZD0wNGIwNzc5NS04ZGRiLTQ2MWEtYmJlZS0wMmY5ZTFiZjdiNDY7b2JqZWN0SWQ9NTgwMWI5YTgtMDkwMC00MDhmLWI0YjYtOTgxNzEzNDQ5ZmRmO3N1YnNjcmlwdGlvbklkPTE2MGQ1MzRkLWFmYzYtNDBmNi05Y2E2LTFiYTlkYzdiOGNhNDt0ZW5hbnRJZD1mODE2MzQ0NS02YzcwLTQ1NGYtODk2My1iZmM5OTIzOWNhNzI=",
            "object_id": "5801b9a8-0900-408f-b4b6-981713449fdf",
            "subscription_id": "160d534d-afc6-40f6-9ca6-1ba9dc7b8ca4",
            "tenant_id": "f8163445-6c70-454f-8963-bfc99239ca72",
            "timeouts": null
          },
          "sensitive_attributes": [],
          "identity_schema_version": 0
        }
      ]
    },
    {
      "mode": "managed",
      "type": "azurerm_container_registry",
      "name": "acr",
      "provider": "provider[\"registry.terraform.io/hashicorp/azurerm\"]",
      "instances": [
        {
          "schema_version": 2,
          "attributes": {
            "admin_enabled": false,
            "admin_password": "",
            "admin_username": "",
            "anonymous_pull_enabled": false,
            "azuread_authentication_as_arm_policy_enabled": true,
            "data_endpoint_enabled": false,
            "data_endpoint_host_names": [],
            "encryption": [],
            "export_policy_enabled": true,
            "georeplications": [],
            "id": "/subscriptions/160d534d-afc6-40f6-9ca6-1ba9dc7b8ca4/resourceGroups/rg-aks/providers/Microsoft.ContainerRegistry/registries/axionacr2029",
            "identity": [],
            "location": "westus",
            "login_server": "axionacr2029.azurecr.io",
            "name": "axionacr2029",
            "network_rule_bypass_for_tasks_enabled": false,
            "network_rule_bypass_option": "AzureServices",
            "network_rule_set": [],
            "public_network_access_enabled": true,
            "quarantine_policy_enabled": false,
            "resource_group_name": "rg-aks",
            "retention_policy_in_days": 0,
            "role_assignment_mode": "LegacyRegistryPermissions",
            "sku": "Standard",
            "tags": null,
            "timeouts": null,
            "trust_policy_enabled": false,
            "zone_redundancy_enabled": false
          },
          "sensitive_attributes": [
            [
              {
                "type": "get_attr",
                "value": "admin_password"
              }
            ]
          ],
          "identity_schema_version": 0,
          "private": "eyJlMmJmYjczMC1lY2FhLTExZTYtOGY4OC0zNDM2M2JjN2M0YzAiOnsiY3JlYXRlIjoxODAwMDAwMDAwMDAwLCJkZWxldGUiOjE4MDAwMDAwMDAwMDAsInJlYWQiOjMwMDAwMDAwMDAwMCwidXBkYXRlIjoxODAwMDAwMDAwMDAwfSwic2NoZW1hX3ZlcnNpb24iOiIyIn0=",
          "dependencies": [
            "azurerm_resource_group.rg"
          ]
        }
      ]
    },
    {
      "mode": "managed",
      "type": "azurerm_federated_identity_credential",
      "name": "postgres_fed",
      "provider": "provider[\"registry.terraform.io/hashicorp/azurerm\"]",
      "instances": [
        {
          "schema_version": 0,
          "attributes": {
            "audience": [
              "api://AzureADTokenExchange"
            ],
            "id": "/subscriptions/160d534d-afc6-40f6-9ca6-1ba9dc7b8ca4/resourceGroups/rg-aks/providers/Microsoft.ManagedIdentity/userAssignedIdentities/aks-workload-identity/federatedIdentityCredentials/postgres-fed",
            "issuer": "https://westus.oic.prod-aks.azure.com/f8163445-6c70-454f-8963-bfc99239ca72/13e7354e-8c27-43ff-bde3-779db5529b62/",
            "name": "postgres-fed",
            "parent_id": "/subscriptions/160d534d-afc6-40f6-9ca6-1ba9dc7b8ca4/resourceGroups/rg-aks/providers/Microsoft.ManagedIdentity/userAssignedIdentities/aks-workload-identity",
            "resource_group_name": "rg-aks",
            "subject": "system:serviceaccount:default:sa",
            "timeouts": null,
            "user_assigned_identity_id": "/subscriptions/160d534d-afc6-40f6-9ca6-1ba9dc7b8ca4/resourceGroups/rg-aks/providers/Microsoft.ManagedIdentity/userAssignedIdentities/aks-workload-identity"
          },
          "sensitive_attributes": [],
          "identity_schema_version": 0,
          "identity": {
            "name": "postgres-fed",
            "resource_group_name": "rg-aks",
            "subscription_id": "160d534d-afc6-40f6-9ca6-1ba9dc7b8ca4",
            "user_assigned_identity_name": "aks-workload-identity"
          },
          "private": "eyJlMmJmYjczMC1lY2FhLTExZTYtOGY4OC0zNDM2M2JjN2M0YzAiOnsiY3JlYXRlIjoxODAwMDAwMDAwMDAwLCJkZWxldGUiOjE4MDAwMDAwMDAwMDAsInJlYWQiOjMwMDAwMDAwMDAwMCwidXBkYXRlIjoxODAwMDAwMDAwMDAwfX0=",
          "dependencies": [
            "azurerm_kubernetes_cluster.aks",
            "azurerm_resource_group.rg",
            "azurerm_subnet.aks_subnet",
            "azurerm_user_assigned_identity.aks_workload",
            "azurerm_virtual_network.aks_vnet"
          ]
        }
      ]
    },
    {
      "mode": "managed",
      "type": "azurerm_key_vault",
      "name": "vault",
      "provider": "provider[\"registry.terraform.io/hashicorp/azurerm\"]",
      "instances": [
        {
          "schema_version": 2,
          "attributes": {
            "access_policy": [
              {
                "application_id": "",
                "certificate_permissions": null,
                "key_permissions": null,
                "object_id": "5801b9a8-0900-408f-b4b6-981713449fdf",
                "secret_permissions": [
                  "Get",
                  "List",
                  "Set",
                  "Delete",
                  "Purge",
                  "Recover"
                ],
                "storage_permissions": null,
                "tenant_id": "f8163445-6c70-454f-8963-bfc99239ca72"
              },
              {
                "application_id": "",
                "certificate_permissions": null,
                "key_permissions": null,
                "object_id": "6555122a-dc18-4e93-8832-477494737aa3",
                "secret_permissions": [
                  "Get",
                  "List"
                ],
                "storage_permissions": null,
                "tenant_id": "f8163445-6c70-454f-8963-bfc99239ca72"
              },
              {
                "application_id": "",
                "certificate_permissions": null,
                "key_permissions": null,
                "object_id": "875bc1ce-8844-40bf-86b6-45538944a946",
                "secret_permissions": [
                  "Get",
                  "List"
                ],
                "storage_permissions": null,
                "tenant_id": "f8163445-6c70-454f-8963-bfc99239ca72"
              }
            ],
            "contact": [],
            "enable_rbac_authorization": false,
            "enabled_for_deployment": false,
            "enabled_for_disk_encryption": false,
            "enabled_for_template_deployment": false,
            "id": "/subscriptions/160d534d-afc6-40f6-9ca6-1ba9dc7b8ca4/resourceGroups/rg-aks/providers/Microsoft.KeyVault/vaults/azrkeyvault-axion-2026",
            "location": "westus",
            "name": "azrkeyvault-axion-2026",
            "network_acls": [
              {
                "bypass": "AzureServices",
                "default_action": "Allow",
                "ip_rules": [],
                "virtual_network_subnet_ids": []
              }
            ],
            "public_network_access_enabled": true,
            "purge_protection_enabled": false,
            "rbac_authorization_enabled": false,
            "resource_group_name": "rg-aks",
            "sku_name": "standard",
            "soft_delete_retention_days": 90,
            "tags": null,
            "tenant_id": "f8163445-6c70-454f-8963-bfc99239ca72",
            "timeouts": null,
            "vault_uri": "https://azrkeyvault-axion-2026.vault.azure.net/"
          },
          "sensitive_attributes": [],
          "identity_schema_version": 0,
          "identity": {
            "name": "azrkeyvault-axion-2026",
            "resource_group_name": "rg-aks",
            "subscription_id": "160d534d-afc6-40f6-9ca6-1ba9dc7b8ca4"
          },
          "private": "eyJlMmJmYjczMC1lY2FhLTExZTYtOGY4OC0zNDM2M2JjN2M0YzAiOnsiY3JlYXRlIjoxODAwMDAwMDAwMDAwLCJkZWxldGUiOjE4MDAwMDAwMDAwMDAsInJlYWQiOjMwMDAwMDAwMDAwMCwidXBkYXRlIjoxODAwMDAwMDAwMDAwfSwic2NoZW1hX3ZlcnNpb24iOiIyIn0=",
          "dependencies": [
            "azurerm_kubernetes_cluster.aks",
            "azurerm_resource_group.rg",
            "azurerm_subnet.aks_subnet",
            "azurerm_user_assigned_identity.aks_workload",
            "azurerm_virtual_network.aks_vnet",
            "data.azurerm_client_config.current"
          ]
        }
      ]
    },
    {
      "mode": "managed",
      "type": "azurerm_key_vault_secret",
      "name": "database_url",
      "provider": "provider[\"registry.terraform.io/hashicorp/azurerm\"]",
      "instances": [
        {
          "schema_version": 0,
          "attributes": {
            "content_type": "",
            "expiration_date": "",
            "id": "https://azrkeyvault-axion-2026.vault.azure.net/secrets/database-url/ce74c5e8bac945408bb52334c0ed7dc7",
            "key_vault_id": "/subscriptions/160d534d-afc6-40f6-9ca6-1ba9dc7b8ca4/resourceGroups/rg-aks/providers/Microsoft.KeyVault/vaults/azrkeyvault-axion-2026",
            "name": "database-url",
            "not_before_date": "",
            "resource_id": "/subscriptions/160d534d-afc6-40f6-9ca6-1ba9dc7b8ca4/resourceGroups/rg-aks/providers/Microsoft.KeyVault/vaults/azrkeyvault-axion-2026/secrets/database-url/versions/ce74c5e8bac945408bb52334c0ed7dc7",
            "resource_versionless_id": "/subscriptions/160d534d-afc6-40f6-9ca6-1ba9dc7b8ca4/resourceGroups/rg-aks/providers/Microsoft.KeyVault/vaults/azrkeyvault-axion-2026/secrets/database-url",
            "tags": null,
            "timeouts": null,
            "value": "postgresql://postgres:ChangeMe%40123@postgres-service:5432/axiondb",
            "value_wo": null,
            "value_wo_version": 0,
            "version": "ce74c5e8bac945408bb52334c0ed7dc7",
            "versionless_id": "https://azrkeyvault-axion-2026.vault.azure.net/secrets/database-url"
          },
          "sensitive_attributes": [
            [
              {
                "type": "get_attr",
                "value": "value"
              }
            ]
          ],
          "identity_schema_version": 0,
          "private": "eyJlMmJmYjczMC1lY2FhLTExZTYtOGY4OC0zNDM2M2JjN2M0YzAiOnsiY3JlYXRlIjoxODAwMDAwMDAwMDAwLCJkZWxldGUiOjE4MDAwMDAwMDAwMDAsInJlYWQiOjE4MDAwMDAwMDAwMDAsInVwZGF0ZSI6MTgwMDAwMDAwMDAwMH19",
          "dependencies": [
            "azurerm_key_vault.vault",
            "azurerm_kubernetes_cluster.aks",
            "azurerm_resource_group.rg",
            "azurerm_subnet.aks_subnet",
            "azurerm_user_assigned_identity.aks_workload",
            "azurerm_virtual_network.aks_vnet",
            "data.azurerm_client_config.current"
          ]
        }
      ]
    },
    {
      "mode": "managed",
      "type": "azurerm_key_vault_secret",
      "name": "pgadmin_email",
      "provider": "provider[\"registry.terraform.io/hashicorp/azurerm\"]",
      "instances": [
        {
          "schema_version": 0,
          "attributes": {
            "content_type": "",
            "expiration_date": "",
            "id": "https://azrkeyvault-axion-2026.vault.azure.net/secrets/pgadmin-email/1d1521c88a504a52a41babc6ec8fadc8",
            "key_vault_id": "/subscriptions/160d534d-afc6-40f6-9ca6-1ba9dc7b8ca4/resourceGroups/rg-aks/providers/Microsoft.KeyVault/vaults/azrkeyvault-axion-2026",
            "name": "pgadmin-email",
            "not_before_date": "",
            "resource_id": "/subscriptions/160d534d-afc6-40f6-9ca6-1ba9dc7b8ca4/resourceGroups/rg-aks/providers/Microsoft.KeyVault/vaults/azrkeyvault-axion-2026/secrets/pgadmin-email/versions/1d1521c88a504a52a41babc6ec8fadc8",
            "resource_versionless_id": "/subscriptions/160d534d-afc6-40f6-9ca6-1ba9dc7b8ca4/resourceGroups/rg-aks/providers/Microsoft.KeyVault/vaults/azrkeyvault-axion-2026/secrets/pgadmin-email",
            "tags": null,
            "timeouts": null,
            "value": "user@admin.com",
            "value_wo": null,
            "value_wo_version": 0,
            "version": "1d1521c88a504a52a41babc6ec8fadc8",
            "versionless_id": "https://azrkeyvault-axion-2026.vault.azure.net/secrets/pgadmin-email"
          },
          "sensitive_attributes": [
            [
              {
                "type": "get_attr",
                "value": "value"
              }
            ]
          ],
          "identity_schema_version": 0,
          "private": "eyJlMmJmYjczMC1lY2FhLTExZTYtOGY4OC0zNDM2M2JjN2M0YzAiOnsiY3JlYXRlIjoxODAwMDAwMDAwMDAwLCJkZWxldGUiOjE4MDAwMDAwMDAwMDAsInJlYWQiOjE4MDAwMDAwMDAwMDAsInVwZGF0ZSI6MTgwMDAwMDAwMDAwMH19",
          "dependencies": [
            "azurerm_key_vault.vault",
            "azurerm_kubernetes_cluster.aks",
            "azurerm_resource_group.rg",
            "azurerm_subnet.aks_subnet",
            "azurerm_user_assigned_identity.aks_workload",
            "azurerm_virtual_network.aks_vnet",
            "data.azurerm_client_config.current"
          ]
        }
      ]
    },
    {
      "mode": "managed",
      "type": "azurerm_key_vault_secret",
      "name": "pgadmin_password",
      "provider": "provider[\"registry.terraform.io/hashicorp/azurerm\"]",
      "instances": [
        {
          "schema_version": 0,
          "attributes": {
            "content_type": "",
            "expiration_date": "",
            "id": "https://azrkeyvault-axion-2026.vault.azure.net/secrets/pgadmin-password/0690735f15944100a40bf493bfbba915",
            "key_vault_id": "/subscriptions/160d534d-afc6-40f6-9ca6-1ba9dc7b8ca4/resourceGroups/rg-aks/providers/Microsoft.KeyVault/vaults/azrkeyvault-axion-2026",
            "name": "pgadmin-password",
            "not_before_date": "",
            "resource_id": "/subscriptions/160d534d-afc6-40f6-9ca6-1ba9dc7b8ca4/resourceGroups/rg-aks/providers/Microsoft.KeyVault/vaults/azrkeyvault-axion-2026/secrets/pgadmin-password/versions/0690735f15944100a40bf493bfbba915",
            "resource_versionless_id": "/subscriptions/160d534d-afc6-40f6-9ca6-1ba9dc7b8ca4/resourceGroups/rg-aks/providers/Microsoft.KeyVault/vaults/azrkeyvault-axion-2026/secrets/pgadmin-password",
            "tags": null,
            "timeouts": null,
            "value": "ChangeMe@123",
            "value_wo": null,
            "value_wo_version": 0,
            "version": "0690735f15944100a40bf493bfbba915",
            "versionless_id": "https://azrkeyvault-axion-2026.vault.azure.net/secrets/pgadmin-password"
          },
          "sensitive_attributes": [
            [
              {
                "type": "get_attr",
                "value": "value"
              }
            ]
          ],
          "identity_schema_version": 0,
          "private": "eyJlMmJmYjczMC1lY2FhLTExZTYtOGY4OC0zNDM2M2JjN2M0YzAiOnsiY3JlYXRlIjoxODAwMDAwMDAwMDAwLCJkZWxldGUiOjE4MDAwMDAwMDAwMDAsInJlYWQiOjE4MDAwMDAwMDAwMDAsInVwZGF0ZSI6MTgwMDAwMDAwMDAwMH19",
          "dependencies": [
            "azurerm_key_vault.vault",
            "azurerm_kubernetes_cluster.aks",
            "azurerm_resource_group.rg",
            "azurerm_subnet.aks_subnet",
            "azurerm_user_assigned_identity.aks_workload",
            "azurerm_virtual_network.aks_vnet",
            "data.azurerm_client_config.current"
          ]
        }
      ]
    },
    {
      "mode": "managed",
      "type": "azurerm_key_vault_secret",
      "name": "postgres_db",
      "provider": "provider[\"registry.terraform.io/hashicorp/azurerm\"]",
      "instances": [
        {
          "schema_version": 0,
          "attributes": {
            "content_type": "",
            "expiration_date": "",
            "id": "https://azrkeyvault-axion-2026.vault.azure.net/secrets/postgres-db/c35d619b96304d8c9c5d8183bffb1986",
            "key_vault_id": "/subscriptions/160d534d-afc6-40f6-9ca6-1ba9dc7b8ca4/resourceGroups/rg-aks/providers/Microsoft.KeyVault/vaults/azrkeyvault-axion-2026",
            "name": "postgres-db",
            "not_before_date": "",
            "resource_id": "/subscriptions/160d534d-afc6-40f6-9ca6-1ba9dc7b8ca4/resourceGroups/rg-aks/providers/Microsoft.KeyVault/vaults/azrkeyvault-axion-2026/secrets/postgres-db/versions/c35d619b96304d8c9c5d8183bffb1986",
            "resource_versionless_id": "/subscriptions/160d534d-afc6-40f6-9ca6-1ba9dc7b8ca4/resourceGroups/rg-aks/providers/Microsoft.KeyVault/vaults/azrkeyvault-axion-2026/secrets/postgres-db",
            "tags": null,
            "timeouts": null,
            "value": "axiondb",
            "value_wo": null,
            "value_wo_version": 0,
            "version": "c35d619b96304d8c9c5d8183bffb1986",
            "versionless_id": "https://azrkeyvault-axion-2026.vault.azure.net/secrets/postgres-db"
          },
          "sensitive_attributes": [
            [
              {
                "type": "get_attr",
                "value": "value"
              }
            ]
          ],
          "identity_schema_version": 0,
          "private": "eyJlMmJmYjczMC1lY2FhLTExZTYtOGY4OC0zNDM2M2JjN2M0YzAiOnsiY3JlYXRlIjoxODAwMDAwMDAwMDAwLCJkZWxldGUiOjE4MDAwMDAwMDAwMDAsInJlYWQiOjE4MDAwMDAwMDAwMDAsInVwZGF0ZSI6MTgwMDAwMDAwMDAwMH19",
          "dependencies": [
            "azurerm_key_vault.vault",
            "azurerm_kubernetes_cluster.aks",
            "azurerm_resource_group.rg",
            "azurerm_subnet.aks_subnet",
            "azurerm_user_assigned_identity.aks_workload",
            "azurerm_virtual_network.aks_vnet",
            "data.azurerm_client_config.current"
          ]
        }
      ]
    },
    {
      "mode": "managed",
      "type": "azurerm_key_vault_secret",
      "name": "postgres_password",
      "provider": "provider[\"registry.terraform.io/hashicorp/azurerm\"]",
      "instances": [
        {
          "schema_version": 0,
          "attributes": {
            "content_type": "",
            "expiration_date": "",
            "id": "https://azrkeyvault-axion-2026.vault.azure.net/secrets/postgres-password/d12ec98c55224397a487daeff1dc2522",
            "key_vault_id": "/subscriptions/160d534d-afc6-40f6-9ca6-1ba9dc7b8ca4/resourceGroups/rg-aks/providers/Microsoft.KeyVault/vaults/azrkeyvault-axion-2026",
            "name": "postgres-password",
            "not_before_date": "",
            "resource_id": "/subscriptions/160d534d-afc6-40f6-9ca6-1ba9dc7b8ca4/resourceGroups/rg-aks/providers/Microsoft.KeyVault/vaults/azrkeyvault-axion-2026/secrets/postgres-password/versions/d12ec98c55224397a487daeff1dc2522",
            "resource_versionless_id": "/subscriptions/160d534d-afc6-40f6-9ca6-1ba9dc7b8ca4/resourceGroups/rg-aks/providers/Microsoft.KeyVault/vaults/azrkeyvault-axion-2026/secrets/postgres-password",
            "tags": null,
            "timeouts": null,
            "value": "ChangeMe@123",
            "value_wo": null,
            "value_wo_version": 0,
            "version": "d12ec98c55224397a487daeff1dc2522",
            "versionless_id": "https://azrkeyvault-axion-2026.vault.azure.net/secrets/postgres-password"
          },
          "sensitive_attributes": [
            [
              {
                "type": "get_attr",
                "value": "value"
              }
            ]
          ],
          "identity_schema_version": 0,
          "private": "eyJlMmJmYjczMC1lY2FhLTExZTYtOGY4OC0zNDM2M2JjN2M0YzAiOnsiY3JlYXRlIjoxODAwMDAwMDAwMDAwLCJkZWxldGUiOjE4MDAwMDAwMDAwMDAsInJlYWQiOjE4MDAwMDAwMDAwMDAsInVwZGF0ZSI6MTgwMDAwMDAwMDAwMH19",
          "dependencies": [
            "azurerm_key_vault.vault",
            "azurerm_kubernetes_cluster.aks",
            "azurerm_resource_group.rg",
            "azurerm_subnet.aks_subnet",
            "azurerm_user_assigned_identity.aks_workload",
            "azurerm_virtual_network.aks_vnet",
            "data.azurerm_client_config.current"
          ]
        }
      ]
    },
    {
      "mode": "managed",
      "type": "azurerm_key_vault_secret",
      "name": "postgres_user",
      "provider": "provider[\"registry.terraform.io/hashicorp/azurerm\"]",
      "instances": [
        {
          "schema_version": 0,
          "attributes": {
            "content_type": "",
            "expiration_date": "",
            "id": "https://azrkeyvault-axion-2026.vault.azure.net/secrets/postgres-user/847fc542b31e4746a1123f6ebd1d6790",
            "key_vault_id": "/subscriptions/160d534d-afc6-40f6-9ca6-1ba9dc7b8ca4/resourceGroups/rg-aks/providers/Microsoft.KeyVault/vaults/azrkeyvault-axion-2026",
            "name": "postgres-user",
            "not_before_date": "",
            "resource_id": "/subscriptions/160d534d-afc6-40f6-9ca6-1ba9dc7b8ca4/resourceGroups/rg-aks/providers/Microsoft.KeyVault/vaults/azrkeyvault-axion-2026/secrets/postgres-user/versions/847fc542b31e4746a1123f6ebd1d6790",
            "resource_versionless_id": "/subscriptions/160d534d-afc6-40f6-9ca6-1ba9dc7b8ca4/resourceGroups/rg-aks/providers/Microsoft.KeyVault/vaults/azrkeyvault-axion-2026/secrets/postgres-user",
            "tags": null,
            "timeouts": null,
            "value": "postgres",
            "value_wo": null,
            "value_wo_version": 0,
            "version": "847fc542b31e4746a1123f6ebd1d6790",
            "versionless_id": "https://azrkeyvault-axion-2026.vault.azure.net/secrets/postgres-user"
          },
          "sensitive_attributes": [
            [
              {
                "type": "get_attr",
                "value": "value"
              }
            ]
          ],
          "identity_schema_version": 0,
          "private": "eyJlMmJmYjczMC1lY2FhLTExZTYtOGY4OC0zNDM2M2JjN2M0YzAiOnsiY3JlYXRlIjoxODAwMDAwMDAwMDAwLCJkZWxldGUiOjE4MDAwMDAwMDAwMDAsInJlYWQiOjE4MDAwMDAwMDAwMDAsInVwZGF0ZSI6MTgwMDAwMDAwMDAwMH19",
          "dependencies": [
            "azurerm_key_vault.vault",
            "azurerm_kubernetes_cluster.aks",
            "azurerm_resource_group.rg",
            "azurerm_subnet.aks_subnet",
            "azurerm_user_assigned_identity.aks_workload",
            "azurerm_virtual_network.aks_vnet",
            "data.azurerm_client_config.current"
          ]
        }
      ]
    },
    {
      "mode": "managed",
      "type": "azurerm_key_vault_secret",
      "name": "telemetry_db_url",
      "provider": "provider[\"registry.terraform.io/hashicorp/azurerm\"]",
      "instances": [
        {
          "schema_version": 0,
          "attributes": {
            "content_type": "",
            "expiration_date": "",
            "id": "https://azrkeyvault-axion-2026.vault.azure.net/secrets/telemetry-database-url/a839fc434c1a4c6bb98a1874eb980a3a",
            "key_vault_id": "/subscriptions/160d534d-afc6-40f6-9ca6-1ba9dc7b8ca4/resourceGroups/rg-aks/providers/Microsoft.KeyVault/vaults/azrkeyvault-axion-2026",
            "name": "telemetry-database-url",
            "not_before_date": "",
            "resource_id": "/subscriptions/160d534d-afc6-40f6-9ca6-1ba9dc7b8ca4/resourceGroups/rg-aks/providers/Microsoft.KeyVault/vaults/azrkeyvault-axion-2026/secrets/telemetry-database-url/versions/a839fc434c1a4c6bb98a1874eb980a3a",
            "resource_versionless_id": "/subscriptions/160d534d-afc6-40f6-9ca6-1ba9dc7b8ca4/resourceGroups/rg-aks/providers/Microsoft.KeyVault/vaults/azrkeyvault-axion-2026/secrets/telemetry-database-url",
            "tags": null,
            "timeouts": null,
            "value": "postgresql://postgres:ChangeMe%40123@postgres-service:5432/axiondb",
            "value_wo": null,
            "value_wo_version": 0,
            "version": "a839fc434c1a4c6bb98a1874eb980a3a",
            "versionless_id": "https://azrkeyvault-axion-2026.vault.azure.net/secrets/telemetry-database-url"
          },
          "sensitive_attributes": [
            [
              {
                "type": "get_attr",
                "value": "value"
              }
            ]
          ],
          "identity_schema_version": 0,
          "private": "eyJlMmJmYjczMC1lY2FhLTExZTYtOGY4OC0zNDM2M2JjN2M0YzAiOnsiY3JlYXRlIjoxODAwMDAwMDAwMDAwLCJkZWxldGUiOjE4MDAwMDAwMDAwMDAsInJlYWQiOjE4MDAwMDAwMDAwMDAsInVwZGF0ZSI6MTgwMDAwMDAwMDAwMH19",
          "dependencies": [
            "azurerm_key_vault.vault",
            "azurerm_kubernetes_cluster.aks",
            "azurerm_resource_group.rg",
            "azurerm_subnet.aks_subnet",
            "azurerm_user_assigned_identity.aks_workload",
            "azurerm_virtual_network.aks_vnet",
            "data.azurerm_client_config.current"
          ]
        }
      ]
    },
    {
      "mode": "managed",
      "type": "azurerm_kubernetes_cluster",
      "name": "aks",
      "provider": "provider[\"registry.terraform.io/hashicorp/azurerm\"]",
      "instances": [
        {
          "schema_version": 2,
          "attributes": {
            "aci_connector_linux": [],
            "ai_toolchain_operator_enabled": false,
            "api_server_access_profile": [],
            "auto_scaler_profile": [],
            "automatic_upgrade_channel": "",
            "azure_active_directory_role_based_access_control": [],
            "azure_policy_enabled": false,
            "bootstrap_profile": [
              {
                "artifact_source": "Direct",
                "container_registry_id": ""
              }
            ],
            "confidential_computing": [],
            "cost_analysis_enabled": false,
            "current_kubernetes_version": "1.35.7",
            "custom_ca_trust_certificates_base64": null,
            "default_node_pool": [
              {
                "auto_scaling_enabled": false,
                "capacity_reservation_group_id": "",
                "fips_enabled": false,
                "gpu_driver": "",
                "gpu_instance": "",
                "host_encryption_enabled": false,
                "host_group_id": "",
                "kubelet_config": [],
                "kubelet_disk_type": "OS",
                "linux_os_config": [],
                "max_count": 0,
                "max_pods": 250,
                "min_count": 0,
                "name": "default",
                "node_count": 1,
                "node_labels": {},
                "node_network_profile": [],
                "node_public_ip_enabled": false,
                "node_public_ip_prefix_id": "",
                "only_critical_addons_enabled": false,
                "orchestrator_version": "1.35",
                "os_disk_size_gb": 128,
                "os_disk_type": "Managed",
                "os_sku": "Ubuntu",
                "pod_subnet_id": "",
                "proximity_placement_group_id": "",
                "scale_down_mode": "Delete",
                "snapshot_id": "",
                "tags": null,
                "temporary_name_for_rotation": "",
                "type": "VirtualMachineScaleSets",
                "ultra_ssd_enabled": false,
                "upgrade_settings": [
                  {
                    "drain_timeout_in_minutes": 0,
                    "max_surge": "10%",
                    "node_soak_duration_in_minutes": 0,
                    "undrainable_node_behavior": ""
                  }
                ],
                "vm_size": "Standard_D2alds_v7",
                "vnet_subnet_id": "/subscriptions/160d534d-afc6-40f6-9ca6-1ba9dc7b8ca4/resourceGroups/rg-aks/providers/Microsoft.Network/virtualNetworks/aks-vnet/subnets/aks-subnet",
                "workload_runtime": "",
                "zones": null
              }
            ],
            "disk_encryption_set_id": "",
            "dns_prefix": "aksdns",
            "dns_prefix_private_cluster": "",
            "edge_zone": "",
            "fqdn": "aksdns-4o4dtjz1.hcp.westus.azmk8s.io",
            "http_application_routing_enabled": false,
            "http_application_routing_zone_name": "",
            "http_proxy_config": [],
            "id": "/subscriptions/160d534d-afc6-40f6-9ca6-1ba9dc7b8ca4/resourceGroups/rg-aks/providers/Microsoft.ContainerService/managedClusters/eaks-cluster",
            "identity": [
              {
                "identity_ids": null,
                "principal_id": "464ded03-d090-419a-86c9-048ac68e2c66",
                "tenant_id": "f8163445-6c70-454f-8963-bfc99239ca72",
                "type": "SystemAssigned"
              }
            ],
            "image_cleaner_enabled": null,
            "image_cleaner_interval_hours": null,
            "ingress_application_gateway": [],
            "key_management_service": [],
            "key_vault_secrets_provider": [
              {
                "secret_identity": [
                  {
                    "client_id": "7ec1b307-5c1a-4b0a-949e-2b1bf9f988d6",
                    "object_id": "af0c474f-86fd-47bf-b9ef-7f814cf549cd",
                    "user_assigned_identity_id": "/subscriptions/160d534d-afc6-40f6-9ca6-1ba9dc7b8ca4/resourcegroups/MC_rg-aks_eaks-cluster_westus/providers/Microsoft.ManagedIdentity/userAssignedIdentities/azurekeyvaultsecretsprovider-eaks-cluster"
                  }
                ],
                "secret_rotation_enabled": true,
                "secret_rotation_interval": "2m"
              }
            ],
            "kube_admin_config": [],
            "kube_admin_config_raw": "",
            "kube_config": [
              {
                "client_certificate": "LS0tLS1CRUdJTiBDRVJUSUZJQ0FURS0tLS0tCk1JSUZIakNDQXdhZ0F3SUJBZ0lSQU96bVJiMlZCemdlS1VGV0U2MCtIMlV3RFFZSktvWklodmNOQVFFTEJRQXcKRFRFTE1Ba0dBMVVFQXhNQ1kyRXdIaGNOTWpZd09UQTJNVFUxTXpBM1doY05Namd3T1RBMk1UWXdNekEzV2pBdwpNUmN3RlFZRFZRUUtFdzV6ZVhOMFpXMDZiV0Z6ZEdWeWN6RVZNQk1HQTFVRUF4TU1iV0Z6ZEdWeVkyeHBaVzUwCk1JSUNJakFOQmdrcWhraUc5dzBCQVFFRkFBT0NBZzhBTUlJQ0NnS0NBZ0VBNXh5cy9XUzczbHkraFV0S2FSUXEKNWNqcUYxelhTb1RyWHk2ZzJUekEzZEsweFNxTEJmZk5SR1kwNW8xc0xtR3FsbGpGY2RsQW5mVm4yRit1RUR1dQp1MkhPRFgyenk5bzlRWjlyK1BiSDVaSEZnVnJmL1Z1RVozUVB5THloRVVNOGM5dTdmWGd2ZzZqVVB1S3JMUzJPCnZMYkpENU44U2hKVm9ERUhkdzNReWpCNlNROGdRaFBWSzdUVVpMRjZqakhWRFpjM3k5UjdZQ1VVR3N1cUpXQUIKeWxGSUIrSFNXemZaUm43UTRac05HS1FYWVM1Q2xvWWNteFJmWjYwWittRXhtOXllb2l4ek1yWWx4VjJaejc5QgpRd0tOU1NZM3dOQjlLdHlhTHZoREcrME11SnlQeXRnQUJ4MU5sSk5FUGtjK3hqdVR2N1lkbUl6VzRTdGdMRDNwClpsQnlaUWd3SkZmMFJQRkNpcFVVNVFFenAyYUs5aUZ5RG9Qc1hqenhDdXpNMzlPckxaeTJmZ01GMS9IQTNmMVoKWmFHWjRXUUdvaG4zckdKbHY2djFlSHg4R3BFUnRsL05CWWVpbW9ueFpDMmUxVzlqQ0VLSGV2RkJnMHpST0EveQp5Nmd5MTdCUEZlcWdUWWxOclNXZDZ1bCs4Y3luY1Z4TDNoV2sremlGVjRhVWtWT0NGQjI1eElOck5LY294Z1NECmx3czVHei9iZ1FGV1pOY0EvelpnMVkrMlBzVkprZmpIZkVpZnMrYUlDTzdmNTBOMFIyVGUrSG5tZ2VqKzhlaFcKTzhzVExiSGhOR3Y5RUxSRWJTZW1vWTR1dVZxTTlkVFZGaEc3YzFROG10RDRuWktnWGYvZmo1bk5uTzdzUjRUNwo5ZnpSUnhrVVpCYzNiYTJGSGIzL0FsTUNBd0VBQWFOV01GUXdEZ1lEVlIwUEFRSC9CQVFEQWdXZ01CTUdBMVVkCkpRUU1NQW9HQ0NzR0FRVUZCd01DTUF3R0ExVWRFd0VCL3dRQ01BQXdId1lEVlIwakJCZ3dGb0FVQlF2cUN2c3AKWWpHUHNxWHltVkE2NmQrRlM4OHdEUVlKS29aSWh2Y05BUUVMQlFBRGdnSUJBQUxRdWxXK2ZWcGdNb1VQRG1nbwpjbEY4dTVtWFpsWG5UbnFoaFczZ1l5UUxLMWNjV01IQWVRZE1iSVFUZWh3QkZadHBVYVl5NFNTSTZWbWRFMkdzCnFCNmczd2JSYTNHVDRPRUNFdzhBUnpHVUU5Qmg5aTBFemU2ajRCbytHYkVvT1g1N25VZGdFR2drYzF1S3UwNlQKbUdqZ3YreXQ2d1lSSXRFald5aWlNbWVzY25JTnA4ajJVZDlzOXNlcHVJN2d1RDRleitVV2syMXlObk9KRkg0UwpBRFhPbjhvRXdxSFp3d3J6cUV5S283eStlaDZwZFAzamxqOEVURlRpK294N1REaGtFODRBWFVSWnI3WDh2VHhXCkIxRlU5Y3kzYkFtNnZJZG9MeDFyU3RyRng0ZXJmclJjbm4wQ1R6WWtxTnBMdy9oSXRXVzZsZXMrSTBhWk9BWU4KSnAyTXIyRW9SNjJhcXphbmtQVGh3VDRPdUowT2swODFKenVHZkwwT2pIcFl5c0lQWDA1NmVLamFsL1J6N1poNApuSlBkdzNIZkpuSjU4dkh6V2dQbUFza3pFbHBRU1duVUdPWDQvTkpWTFNEdmVsQVZMWWZlRHNnbUJHbFVRQ09aCmh3cUR1MlFiOWZLZjVESkIxMmErRzF3SFdCRHBHTDVydUZ1UWVxVzFWZHYySEhUdVNvRjVJeE5qaDBScFRGcEMKSDErQ2MxVVV0b1QyMzRLNjZsd1hjb0h5c0pUWVpNU3hGTDlJenpHYXpUYVdhay9zaWNjbUVvbm5yZzBXbTROWApKNlNQbGg1UytCM282TWlCcWJ2UUVvOTlCR2Z4NWVBa3FRaVEvUTZNNnBnK2tmMkFwT1AvYjE1ZmxDN3lzekY0CktJeFBVdHJ4QTJoSDU1SnB5aUJ0ZnQzdQotLS0tLUVORCBDRVJUSUZJQ0FURS0tLS0tCg==",
                "client_key": "LS0tLS1CRUdJTiBSU0EgUFJJVkFURSBLRVktLS0tLQpNSUlKS0FJQkFBS0NBZ0VBNXh5cy9XUzczbHkraFV0S2FSUXE1Y2pxRjF6WFNvVHJYeTZnMlR6QTNkSzB4U3FMCkJmZk5SR1kwNW8xc0xtR3FsbGpGY2RsQW5mVm4yRit1RUR1dXUySE9EWDJ6eTlvOVFaOXIrUGJINVpIRmdWcmYKL1Z1RVozUVB5THloRVVNOGM5dTdmWGd2ZzZqVVB1S3JMUzJPdkxiSkQ1TjhTaEpWb0RFSGR3M1F5akI2U1E4ZwpRaFBWSzdUVVpMRjZqakhWRFpjM3k5UjdZQ1VVR3N1cUpXQUJ5bEZJQitIU1d6ZlpSbjdRNFpzTkdLUVhZUzVDCmxvWWNteFJmWjYwWittRXhtOXllb2l4ek1yWWx4VjJaejc5QlF3S05TU1kzd05COUt0eWFMdmhERyswTXVKeVAKeXRnQUJ4MU5sSk5FUGtjK3hqdVR2N1lkbUl6VzRTdGdMRDNwWmxCeVpRZ3dKRmYwUlBGQ2lwVVU1UUV6cDJhSwo5aUZ5RG9Qc1hqenhDdXpNMzlPckxaeTJmZ01GMS9IQTNmMVpaYUdaNFdRR29objNyR0psdjZ2MWVIeDhHcEVSCnRsL05CWWVpbW9ueFpDMmUxVzlqQ0VLSGV2RkJnMHpST0EveXk2Z3kxN0JQRmVxZ1RZbE5yU1dkNnVsKzhjeW4KY1Z4TDNoV2sremlGVjRhVWtWT0NGQjI1eElOck5LY294Z1NEbHdzNUd6L2JnUUZXWk5jQS96WmcxWSsyUHNWSgprZmpIZkVpZnMrYUlDTzdmNTBOMFIyVGUrSG5tZ2VqKzhlaFdPOHNUTGJIaE5HdjlFTFJFYlNlbW9ZNHV1VnFNCjlkVFZGaEc3YzFROG10RDRuWktnWGYvZmo1bk5uTzdzUjRUNzlmelJSeGtVWkJjM2JhMkZIYjMvQWxNQ0F3RUEKQVFLQ0FnQVBoYTZIWDZlbE9mekFmbkVOK1FFZlBuZWRLc0FrVE04ZUxSeU5ML1pvTDU4SDRHRkdwNnU0QjFhbAprWGxpN1c1WlVMY0UwWDcwaDZkUGgxcnRLTnBiS0NqVnRuYWRTaGdlZXpMem5XZUpuMWtiajF0SFFmUDA4Q2VnCmtpMWpOOEtCL3VVVnorZXBEbTExbDhzVmFyVG1oSVJMMjlwWGd6OFFWa1ZXYXExMlFhYWFRajRtdktidThPTS8KQVdpUXo2b0JQVmNqQlM5bGVBMWtvS25aMUJ2cXJHWTJicVZaT1E2MUhHUUh5RjZBZVlJL0phM3FrWWF1L1JiMwpUZm9CQmdiTFNCaGpjMXdvQmh4OVVxOE04L1I4ZlZtNGxhemRuTGg3YU5EMk4wMjlQTUR1VHAyZHdHb29FQ3R3CnYzOWE0TXJIalBnbkY4MDBaMmt3a0dBODR4K2ZmZHJpU3NxTEhoVHF0dUdYWHBaUUt3UWtEVVJLaThTZytFUnEKM0dlck8yZjJ4VlM4dGJ3cUp5NTRUWnVCQVg4SHFBVFdKcUlXZUNWYVplem5saXZpK290UnpIYlBkQ3hId1RFawo0YnFZckgwZVdNVXp0YythUVFjaHVmcXAxK0V0MVQwZ3MwNkU1aXY5ZFRMZ0ptQ20vd3JES2VZNnN6RVJMMnRBCnRtM1RCQnRGSmpMckxTc3EyL3lNRXgzb0gxS1oxOHc1TUV5bFNXYkJuSmFZZG4xb0JjMnI5ZzVBRG1JakV6MkEKM1BqRElpeTYydldTaEQ3SVQ3MkpIZ0wxNC9uTzJxN05CbnVPeG94aTU1bmZ0L1JuSWVmbEd1aU1pdmIxQ1BFNAplaTlrYWVzbi9RckFjWUUzUGxsVWtpcTd0c21VdjVDUHNkVlU0c0lUZCtSVlAyK0NXUUtDQVFFQTUyNFkvRmVCCjROSTVBSnJ5ZEhQbGJHcmNBS1Q0dHhiMCszZEgvMUdweWVQVklTSHdnNVRpS2MrbjlpYXd5V3hEK0tJZDJ5ZDMKTGMzSXUwTWlLSjBCS1g3R09TSmZtWDdQYXh6ODRyb0I2V3FhODFJeTd3YzlrNzlzTUFyVGg5RlR2RHEvK0x0RgpQL2FNZzJUdVRQTDhqd09oOC9JTDk0UFJyRUFSMExCSXJGSjYyd1hyU3Q1M1BFRjNRRDhHdjVLVHk5by9uZ2hIClVWVlRoTnJsNGpBV3FraTVleHB4V29ienBvZ2lveUNOUGNvTkt1UE81NWhWemhHdXJyNm5ha1VGRTZTQXpORWkKbXh2NzQwM0I4T28vS0VyNG9sRHg2U1MzbE5mVWFHZ0pZdUUxWThpNUhvYTF4SlIvcUowSWxnNnZkdy9mYjAwVwpMV3prc3BBNjFhUFBId0tDQVFFQS82WHZGa2tvNVBtM0NkdmRoV1pGYm10eHNTTWdjWTY0MjY1UEE5Yk90SDRFCmVmNmZRNGw5R2NDUFppNTh0UTd1emwvckNWOGg4OHI2eU1YU0ZjaWx5Y1gxOW5aa0NUbGYvMjIxTngxWDk1bXIKTDNUdjU0bkdMYmVYbWEzMDMwV3VFRWhSWXVkRExvNTZyWEs0RU5LaDZSV0tLV1JpSnFrenJoZ2RJTTZzWDJoMQpWenVvWnRweWZjVlZSdGxHSmR5SDR3ZEFMZXdhWUJ3SW5adlpvNUVXTG8xczRPY1BtVUlzbnpCdk5sSVgrSU4yClJlZHpOUm9EamUwOXVaM1dSZ1RMKy9INmRxUSs1eW9Wa3JUcEJ6dE5wK0ZLUW5ZckVqTk9ZaWpZWmZRLzdodFUKRmtHQlkwdTlwcFdYMDhGL2V0S2dZK2hxUWVkVDlPYmlicElHcG8yS1RRS0NBUUJDL3VCRXpLQlFrUXJuWGZPcQpPcExEMi90c1JGV3J5djJJZm5OZE9pckl3eWZEdTZ1QXErejg1WnhkNmIxcjBlZXJabUwyT21xSjIvU3NJVGNXClFyMC9ZZS9JUW1jaWJFOW5WckR1Z2FKa0MvUm5VL2hpc2RubGw1aWVIOFEwb1NoNGFSbUJ5OVMwTzQ5WnlqSWkKSElWNGNUakZBZURzK2tBTWVVK3U5aGxUcVZ6ZllzdEdsVGczUFV4a1VOcUhRc3QrUytQMnY3YkZtTW5ndisyawptUDgydEc3ZGNENDRVckRlR0xMT1BuSWszUVVLMFgvb0UzVmpma0x2VzBuanZhOUdqR3lzM2k0Q2NRdHVOZWhhCjhiVHUyU1U0OSszUDdFMG96WUl6NTBvd1VibSs5VENCNGNWazd3ZzFxNS84c0t1aTcvbGlveEkwZkQySVk3QmsKZ0ZOSkFvSUJBUURtTmY2L0N0S1FuMjU4cWtrcFA1ZDJmN3E1ME8vK1VvK1ZBN3FUc25RaGhQbHpBaDlaS2c1RgppbW1Ya25VcWRuQUYxOHBIZml1TTVsUS9TQ1NQQ1VpQ0Vvb1RqemsyTlR5RlA3M1lDOHlUWXdZTWpqa2JQNjMrCnJUMFBYdDhMMEN1VzdnaWNEN1VuejVZWmF4emx5VWVVSlpscy9NQ0dJQWd4MWZVay9mZXJVdDJYMkZrbGhjRmsKRUxkaVBYWTEwZ2xzSDdOanB5RjVPc1ZuYUZqc09sTEhTUU9xNDJmZ2t2NnJ1Mm5xZUxLdFQzVEtMa3BJbjB4awpHaWRqWndiMXRvd2FMU1ZtZ1RGRDZWblQ2cVdOcFpHZ2cvZmpNWlpIcFh3SVdNL0Z2OVZ5RFpvREVLbjdTTkZYCm1ZNUhXZy82QW9IOGRlWjV3bDZRUXZuVXFCcmxFTUJoQW9JQkFCNTZEdGRyb1BsamhBU3ZFa0EyNEhQVnlYNTUKQlhlOURiRy83amJXR2ZSZmtvOEVZZUZQeTlWa2loVG5lbTJPWlJOeTVHNU10VXpJbFlCSTkvMUptYmxST3pPRgo1WnJBNGJ5aXBwTnNtbWY0Q3dtSFNEaXR4RUxRdGRsSGM4U0g3V3dGa2hrZCtrUFRkOHpwT1k5MXczclZOLzJrCkZIdU1lZ3pQMDhqK1l4eTNjT1U0UytaejBESnNvS3JPemJibWVtRlRRcjd5YVlVZmJFSlRTTjc1VHh4NjAySUIKUzN1Q0ZtL210ZkVzejNoKzA4aWZuYkhOZkowWC9GUmpBN1M5OGlsd2dvdU90ZDZDY3JmN252QWhQdWhyY1JGVApxUWVnTjdkWjU1elJ5dDRTeWtlZzBFSlkweVpLeEVpdTZ5UGNWaC90MHlEaUZ5eXNCbFFZZ1pkVXl1Zz0KLS0tLS1FTkQgUlNBIFBSSVZBVEUgS0VZLS0tLS0K",
                "cluster_ca_certificate": "LS0tLS1CRUdJTiBDRVJUSUZJQ0FURS0tLS0tCk1JSUU2RENDQXRDZ0F3SUJBZ0lRUktIK3JTMmJUM0N5TzVIdzNNdVFEakFOQmdrcWhraUc5dzBCQVFzRkFEQU4KTVFzd0NRWURWUVFERXdKallUQWdGdzB5TmpBNU1EWXhOVFV6TURkYUdBOHlNRFUyTURrd05qRTJNRE13TjFvdwpEVEVMTUFrR0ExVUVBeE1DWTJFd2dnSWlNQTBHQ1NxR1NJYjNEUUVCQVFVQUE0SUNEd0F3Z2dJS0FvSUNBUUMxCnlvK0xYMkJucnNmM2I0bnFOZzNMdm02TnAwNG1nQUlpa2lEb1FoTUZsWXpoSUhBQ0czTno3RjgrSVUwNTA3bWYKMlVpUWlaWjJUN1FxcWx5cTBwTFBFd1U4NmxrRFZDQ3JFT0NMeUc2SU9RYStSdE5rV1hnMGVnRHF5Q2h5U0ZucQpnNmVoMGlrd1Q3WmRsaGxFa1JwMzlHOFB5ekdIN0x2ZmhWbXErMGdNdEgrbEhJNHNOa3d6UUZOWSs1UFZ2MVhrCm1NUE5tVG1GTGYrci9FTUdCeU80ZFdPM2Fhang2bkdhZGZ4RVZoNGtuazBBZWIwL21jcm1wemgyeDc0dlpSaHgKdjRqaTdBcHNOUkV2M3VTYVlMRnZWcHpLRk5BRDFVUXpzSzViTm8xcjZTY1RvdlNvcGxqTURSb2h1dkdzM2NlcApqZmsrU0tZRUNnTzZlUDY4cEMyQWZ4QTVwOE9NUGZxbHlQZEorVFVRd1FNOGY0SXo1eDNpTVAvZCtaYUx3RTlzClVXeXRYRm1CMDdqS3greUZRbk5KNnVSZG5kSkVsVFYvc2h4Zm13Z2tlVlN5a3JDWStqR2l0UndEekl0OXNRZU4KR3VLVE0rdURLVTFsRVd6M2x0VjczQ0tmKzhaZnVZZnh0UTM5c3NwTlNlNWhLN0xOVVNML0RYMk1rcjBwdkg5cwpRUDhXdTRnNE4xeVgwUjV6M1dSS1cyWXhyVDVLZDFvazZnSElFdW5EaW1XdVFyeEIwNmZrRERMZ0ZOMEF1cXNyCnlFV3FCVDRURmQ1YUxObzEzamZTOGJXM3dQazZxb1hUSk8xNXVoaWgyWFh6VDVUYzRpUkM5cEIzSFUveTBEVjkKelNOSUVZay9yS0UvaXVxa3l3dmhMOFhBVTdzbmM3eElJWUM4MUlaSmx3SURBUUFCbzBJd1FEQU9CZ05WSFE4QgpBZjhFQkFNQ0FxUXdEd1lEVlIwVEFRSC9CQVV3QXdFQi96QWRCZ05WSFE0RUZnUVVCUXZxQ3ZzcFlqR1BzcVh5Cm1WQTY2ZCtGUzg4d0RRWUpLb1pJaHZjTkFRRUxCUUFEZ2dJQkFMVGo1UW5oOWxLN2xPSUFNb1BRd2ZwcmJTZ1IKKzBwT09jVXk4ZUhqQVlySEs2ZlFnNXZSek5JOE91TUpHTDYwc1VDeGJrMzIvY2Q3eUxnNlh6NVdyc0dTK294VgpNSVB2Zkd6SVFaWTVnU0MrZCtGRVZrNDNTOE5zUmsrU0k4elVNZk5yMUpSSzVQejVINmsrdXdNcE5YNXRaaTRNCkQwMEo0RTk2cG9HT0hwK0J3bFpnanRTNWFCTVN6cVVGS1dEaW01VDc4bHpGRnhyamorenFubWF1eXkwK0VmSmUKcHJLT1FrWXRwSldRbU1JalhNSGh6VmxjNEl4NFhnc243cWZyankxZUY0T3VPUCtmTGxmMVNRZHU2OWJxcHl0eQpIcSt0UWxvLzNkazcrSEx6eFNqRnpjWGZNRWNuZGVTMUJzVUtvMWw1eXIwWU9HcWp4TE40RGtHK29ocVlYU1pqCnlSdjlUenVnOEVwVzc3VGU1SGs5U0k4TXJFeko5MVhEKzFWL2p3NlE0czJ6ekd0NzdQS28wYytsUGFFK3ZvWk4KTXVGT1dJQk5EbjYvcVRqVFl4VjlTY0NST2FmOVlrRWsxaVlRdWN6NE9oSlB4R1RpR21XWnhNaEJ1RkJLaXpnVgoxVTV0aEZaL2VzSUM1cEhpRlNpV2hxZmFTb0t5VlB3cGFwb0RZamtkUjlUTjlyaFR0L0MzdkZtWWg0UXJhNUNRCi93bmNHMFRQa2tUY3hZYjNCSzQ4TGUxdFI4STNMMWt6b0pzbWU5Si9FSjEzUmdyUmxmc0ZxMW1jaXpLbUxkeUEKY0JvazBnUmkrdWQyS0Vid0FDZTRkTWVGbmM4aC93cTJUc29nYi8zalVRVGljUEkyVWdLZHFqRFlDMk5kakJpNApBNWFZR3pDbEhsbWovQWtlCi0tLS0tRU5EIENFUlRJRklDQVRFLS0tLS0K",
                "host": "https://aksdns-4o4dtjz1.hcp.westus.azmk8s.io:443",
                "password": "f1euyd9mbq69d6bmoxzmvofo8qx75at43q8mycgytnsaq7pfv2gxqt9lfixkro8gobyksr1cycfnpbb8xf9cci4sqzmts313o0zbq8y50yd21qcs5wc89fnl6ll900om",
                "username": "clusterUser_rg-aks_eaks-cluster"
              }
            ],
            "kube_config_raw": "apiVersion: v1\nclusters:\n- cluster:\n    certificate-authority-data: LS0tLS1CRUdJTiBDRVJUSUZJQ0FURS0tLS0tCk1JSUU2RENDQXRDZ0F3SUJBZ0lRUktIK3JTMmJUM0N5TzVIdzNNdVFEakFOQmdrcWhraUc5dzBCQVFzRkFEQU4KTVFzd0NRWURWUVFERXdKallUQWdGdzB5TmpBNU1EWXhOVFV6TURkYUdBOHlNRFUyTURrd05qRTJNRE13TjFvdwpEVEVMTUFrR0ExVUVBeE1DWTJFd2dnSWlNQTBHQ1NxR1NJYjNEUUVCQVFVQUE0SUNEd0F3Z2dJS0FvSUNBUUMxCnlvK0xYMkJucnNmM2I0bnFOZzNMdm02TnAwNG1nQUlpa2lEb1FoTUZsWXpoSUhBQ0czTno3RjgrSVUwNTA3bWYKMlVpUWlaWjJUN1FxcWx5cTBwTFBFd1U4NmxrRFZDQ3JFT0NMeUc2SU9RYStSdE5rV1hnMGVnRHF5Q2h5U0ZucQpnNmVoMGlrd1Q3WmRsaGxFa1JwMzlHOFB5ekdIN0x2ZmhWbXErMGdNdEgrbEhJNHNOa3d6UUZOWSs1UFZ2MVhrCm1NUE5tVG1GTGYrci9FTUdCeU80ZFdPM2Fhang2bkdhZGZ4RVZoNGtuazBBZWIwL21jcm1wemgyeDc0dlpSaHgKdjRqaTdBcHNOUkV2M3VTYVlMRnZWcHpLRk5BRDFVUXpzSzViTm8xcjZTY1RvdlNvcGxqTURSb2h1dkdzM2NlcApqZmsrU0tZRUNnTzZlUDY4cEMyQWZ4QTVwOE9NUGZxbHlQZEorVFVRd1FNOGY0SXo1eDNpTVAvZCtaYUx3RTlzClVXeXRYRm1CMDdqS3greUZRbk5KNnVSZG5kSkVsVFYvc2h4Zm13Z2tlVlN5a3JDWStqR2l0UndEekl0OXNRZU4KR3VLVE0rdURLVTFsRVd6M2x0VjczQ0tmKzhaZnVZZnh0UTM5c3NwTlNlNWhLN0xOVVNML0RYMk1rcjBwdkg5cwpRUDhXdTRnNE4xeVgwUjV6M1dSS1cyWXhyVDVLZDFvazZnSElFdW5EaW1XdVFyeEIwNmZrRERMZ0ZOMEF1cXNyCnlFV3FCVDRURmQ1YUxObzEzamZTOGJXM3dQazZxb1hUSk8xNXVoaWgyWFh6VDVUYzRpUkM5cEIzSFUveTBEVjkKelNOSUVZay9yS0UvaXVxa3l3dmhMOFhBVTdzbmM3eElJWUM4MUlaSmx3SURBUUFCbzBJd1FEQU9CZ05WSFE4QgpBZjhFQkFNQ0FxUXdEd1lEVlIwVEFRSC9CQVV3QXdFQi96QWRCZ05WSFE0RUZnUVVCUXZxQ3ZzcFlqR1BzcVh5Cm1WQTY2ZCtGUzg4d0RRWUpLb1pJaHZjTkFRRUxCUUFEZ2dJQkFMVGo1UW5oOWxLN2xPSUFNb1BRd2ZwcmJTZ1IKKzBwT09jVXk4ZUhqQVlySEs2ZlFnNXZSek5JOE91TUpHTDYwc1VDeGJrMzIvY2Q3eUxnNlh6NVdyc0dTK294VgpNSVB2Zkd6SVFaWTVnU0MrZCtGRVZrNDNTOE5zUmsrU0k4elVNZk5yMUpSSzVQejVINmsrdXdNcE5YNXRaaTRNCkQwMEo0RTk2cG9HT0hwK0J3bFpnanRTNWFCTVN6cVVGS1dEaW01VDc4bHpGRnhyamorenFubWF1eXkwK0VmSmUKcHJLT1FrWXRwSldRbU1JalhNSGh6VmxjNEl4NFhnc243cWZyankxZUY0T3VPUCtmTGxmMVNRZHU2OWJxcHl0eQpIcSt0UWxvLzNkazcrSEx6eFNqRnpjWGZNRWNuZGVTMUJzVUtvMWw1eXIwWU9HcWp4TE40RGtHK29ocVlYU1pqCnlSdjlUenVnOEVwVzc3VGU1SGs5U0k4TXJFeko5MVhEKzFWL2p3NlE0czJ6ekd0NzdQS28wYytsUGFFK3ZvWk4KTXVGT1dJQk5EbjYvcVRqVFl4VjlTY0NST2FmOVlrRWsxaVlRdWN6NE9oSlB4R1RpR21XWnhNaEJ1RkJLaXpnVgoxVTV0aEZaL2VzSUM1cEhpRlNpV2hxZmFTb0t5VlB3cGFwb0RZamtkUjlUTjlyaFR0L0MzdkZtWWg0UXJhNUNRCi93bmNHMFRQa2tUY3hZYjNCSzQ4TGUxdFI4STNMMWt6b0pzbWU5Si9FSjEzUmdyUmxmc0ZxMW1jaXpLbUxkeUEKY0JvazBnUmkrdWQyS0Vid0FDZTRkTWVGbmM4aC93cTJUc29nYi8zalVRVGljUEkyVWdLZHFqRFlDMk5kakJpNApBNWFZR3pDbEhsbWovQWtlCi0tLS0tRU5EIENFUlRJRklDQVRFLS0tLS0K\n    server: https://aksdns-4o4dtjz1.hcp.westus.azmk8s.io:443\n  name: eaks-cluster\ncontexts:\n- context:\n    cluster: eaks-cluster\n    user: clusterUser_rg-aks_eaks-cluster\n  name: eaks-cluster\ncurrent-context: eaks-cluster\nkind: Config\nusers:\n- name: clusterUser_rg-aks_eaks-cluster\n  user:\n    client-certificate-data: LS0tLS1CRUdJTiBDRVJUSUZJQ0FURS0tLS0tCk1JSUZIakNDQXdhZ0F3SUJBZ0lSQU96bVJiMlZCemdlS1VGV0U2MCtIMlV3RFFZSktvWklodmNOQVFFTEJRQXcKRFRFTE1Ba0dBMVVFQXhNQ1kyRXdIaGNOTWpZd09UQTJNVFUxTXpBM1doY05Namd3T1RBMk1UWXdNekEzV2pBdwpNUmN3RlFZRFZRUUtFdzV6ZVhOMFpXMDZiV0Z6ZEdWeWN6RVZNQk1HQTFVRUF4TU1iV0Z6ZEdWeVkyeHBaVzUwCk1JSUNJakFOQmdrcWhraUc5dzBCQVFFRkFBT0NBZzhBTUlJQ0NnS0NBZ0VBNXh5cy9XUzczbHkraFV0S2FSUXEKNWNqcUYxelhTb1RyWHk2ZzJUekEzZEsweFNxTEJmZk5SR1kwNW8xc0xtR3FsbGpGY2RsQW5mVm4yRit1RUR1dQp1MkhPRFgyenk5bzlRWjlyK1BiSDVaSEZnVnJmL1Z1RVozUVB5THloRVVNOGM5dTdmWGd2ZzZqVVB1S3JMUzJPCnZMYkpENU44U2hKVm9ERUhkdzNReWpCNlNROGdRaFBWSzdUVVpMRjZqakhWRFpjM3k5UjdZQ1VVR3N1cUpXQUIKeWxGSUIrSFNXemZaUm43UTRac05HS1FYWVM1Q2xvWWNteFJmWjYwWittRXhtOXllb2l4ek1yWWx4VjJaejc5QgpRd0tOU1NZM3dOQjlLdHlhTHZoREcrME11SnlQeXRnQUJ4MU5sSk5FUGtjK3hqdVR2N1lkbUl6VzRTdGdMRDNwClpsQnlaUWd3SkZmMFJQRkNpcFVVNVFFenAyYUs5aUZ5RG9Qc1hqenhDdXpNMzlPckxaeTJmZ01GMS9IQTNmMVoKWmFHWjRXUUdvaG4zckdKbHY2djFlSHg4R3BFUnRsL05CWWVpbW9ueFpDMmUxVzlqQ0VLSGV2RkJnMHpST0EveQp5Nmd5MTdCUEZlcWdUWWxOclNXZDZ1bCs4Y3luY1Z4TDNoV2sremlGVjRhVWtWT0NGQjI1eElOck5LY294Z1NECmx3czVHei9iZ1FGV1pOY0EvelpnMVkrMlBzVkprZmpIZkVpZnMrYUlDTzdmNTBOMFIyVGUrSG5tZ2VqKzhlaFcKTzhzVExiSGhOR3Y5RUxSRWJTZW1vWTR1dVZxTTlkVFZGaEc3YzFROG10RDRuWktnWGYvZmo1bk5uTzdzUjRUNwo5ZnpSUnhrVVpCYzNiYTJGSGIzL0FsTUNBd0VBQWFOV01GUXdEZ1lEVlIwUEFRSC9CQVFEQWdXZ01CTUdBMVVkCkpRUU1NQW9HQ0NzR0FRVUZCd01DTUF3R0ExVWRFd0VCL3dRQ01BQXdId1lEVlIwakJCZ3dGb0FVQlF2cUN2c3AKWWpHUHNxWHltVkE2NmQrRlM4OHdEUVlKS29aSWh2Y05BUUVMQlFBRGdnSUJBQUxRdWxXK2ZWcGdNb1VQRG1nbwpjbEY4dTVtWFpsWG5UbnFoaFczZ1l5UUxLMWNjV01IQWVRZE1iSVFUZWh3QkZadHBVYVl5NFNTSTZWbWRFMkdzCnFCNmczd2JSYTNHVDRPRUNFdzhBUnpHVUU5Qmg5aTBFemU2ajRCbytHYkVvT1g1N25VZGdFR2drYzF1S3UwNlQKbUdqZ3YreXQ2d1lSSXRFald5aWlNbWVzY25JTnA4ajJVZDlzOXNlcHVJN2d1RDRleitVV2syMXlObk9KRkg0UwpBRFhPbjhvRXdxSFp3d3J6cUV5S283eStlaDZwZFAzamxqOEVURlRpK294N1REaGtFODRBWFVSWnI3WDh2VHhXCkIxRlU5Y3kzYkFtNnZJZG9MeDFyU3RyRng0ZXJmclJjbm4wQ1R6WWtxTnBMdy9oSXRXVzZsZXMrSTBhWk9BWU4KSnAyTXIyRW9SNjJhcXphbmtQVGh3VDRPdUowT2swODFKenVHZkwwT2pIcFl5c0lQWDA1NmVLamFsL1J6N1poNApuSlBkdzNIZkpuSjU4dkh6V2dQbUFza3pFbHBRU1duVUdPWDQvTkpWTFNEdmVsQVZMWWZlRHNnbUJHbFVRQ09aCmh3cUR1MlFiOWZLZjVESkIxMmErRzF3SFdCRHBHTDVydUZ1UWVxVzFWZHYySEhUdVNvRjVJeE5qaDBScFRGcEMKSDErQ2MxVVV0b1QyMzRLNjZsd1hjb0h5c0pUWVpNU3hGTDlJenpHYXpUYVdhay9zaWNjbUVvbm5yZzBXbTROWApKNlNQbGg1UytCM282TWlCcWJ2UUVvOTlCR2Z4NWVBa3FRaVEvUTZNNnBnK2tmMkFwT1AvYjE1ZmxDN3lzekY0CktJeFBVdHJ4QTJoSDU1SnB5aUJ0ZnQzdQotLS0tLUVORCBDRVJUSUZJQ0FURS0tLS0tCg==\n    client-key-data: LS0tLS1CRUdJTiBSU0EgUFJJVkFURSBLRVktLS0tLQpNSUlKS0FJQkFBS0NBZ0VBNXh5cy9XUzczbHkraFV0S2FSUXE1Y2pxRjF6WFNvVHJYeTZnMlR6QTNkSzB4U3FMCkJmZk5SR1kwNW8xc0xtR3FsbGpGY2RsQW5mVm4yRit1RUR1dXUySE9EWDJ6eTlvOVFaOXIrUGJINVpIRmdWcmYKL1Z1RVozUVB5THloRVVNOGM5dTdmWGd2ZzZqVVB1S3JMUzJPdkxiSkQ1TjhTaEpWb0RFSGR3M1F5akI2U1E4ZwpRaFBWSzdUVVpMRjZqakhWRFpjM3k5UjdZQ1VVR3N1cUpXQUJ5bEZJQitIU1d6ZlpSbjdRNFpzTkdLUVhZUzVDCmxvWWNteFJmWjYwWittRXhtOXllb2l4ek1yWWx4VjJaejc5QlF3S05TU1kzd05COUt0eWFMdmhERyswTXVKeVAKeXRnQUJ4MU5sSk5FUGtjK3hqdVR2N1lkbUl6VzRTdGdMRDNwWmxCeVpRZ3dKRmYwUlBGQ2lwVVU1UUV6cDJhSwo5aUZ5RG9Qc1hqenhDdXpNMzlPckxaeTJmZ01GMS9IQTNmMVpaYUdaNFdRR29objNyR0psdjZ2MWVIeDhHcEVSCnRsL05CWWVpbW9ueFpDMmUxVzlqQ0VLSGV2RkJnMHpST0EveXk2Z3kxN0JQRmVxZ1RZbE5yU1dkNnVsKzhjeW4KY1Z4TDNoV2sremlGVjRhVWtWT0NGQjI1eElOck5LY294Z1NEbHdzNUd6L2JnUUZXWk5jQS96WmcxWSsyUHNWSgprZmpIZkVpZnMrYUlDTzdmNTBOMFIyVGUrSG5tZ2VqKzhlaFdPOHNUTGJIaE5HdjlFTFJFYlNlbW9ZNHV1VnFNCjlkVFZGaEc3YzFROG10RDRuWktnWGYvZmo1bk5uTzdzUjRUNzlmelJSeGtVWkJjM2JhMkZIYjMvQWxNQ0F3RUEKQVFLQ0FnQVBoYTZIWDZlbE9mekFmbkVOK1FFZlBuZWRLc0FrVE04ZUxSeU5ML1pvTDU4SDRHRkdwNnU0QjFhbAprWGxpN1c1WlVMY0UwWDcwaDZkUGgxcnRLTnBiS0NqVnRuYWRTaGdlZXpMem5XZUpuMWtiajF0SFFmUDA4Q2VnCmtpMWpOOEtCL3VVVnorZXBEbTExbDhzVmFyVG1oSVJMMjlwWGd6OFFWa1ZXYXExMlFhYWFRajRtdktidThPTS8KQVdpUXo2b0JQVmNqQlM5bGVBMWtvS25aMUJ2cXJHWTJicVZaT1E2MUhHUUh5RjZBZVlJL0phM3FrWWF1L1JiMwpUZm9CQmdiTFNCaGpjMXdvQmh4OVVxOE04L1I4ZlZtNGxhemRuTGg3YU5EMk4wMjlQTUR1VHAyZHdHb29FQ3R3CnYzOWE0TXJIalBnbkY4MDBaMmt3a0dBODR4K2ZmZHJpU3NxTEhoVHF0dUdYWHBaUUt3UWtEVVJLaThTZytFUnEKM0dlck8yZjJ4VlM4dGJ3cUp5NTRUWnVCQVg4SHFBVFdKcUlXZUNWYVplem5saXZpK290UnpIYlBkQ3hId1RFawo0YnFZckgwZVdNVXp0YythUVFjaHVmcXAxK0V0MVQwZ3MwNkU1aXY5ZFRMZ0ptQ20vd3JES2VZNnN6RVJMMnRBCnRtM1RCQnRGSmpMckxTc3EyL3lNRXgzb0gxS1oxOHc1TUV5bFNXYkJuSmFZZG4xb0JjMnI5ZzVBRG1JakV6MkEKM1BqRElpeTYydldTaEQ3SVQ3MkpIZ0wxNC9uTzJxN05CbnVPeG94aTU1bmZ0L1JuSWVmbEd1aU1pdmIxQ1BFNAplaTlrYWVzbi9RckFjWUUzUGxsVWtpcTd0c21VdjVDUHNkVlU0c0lUZCtSVlAyK0NXUUtDQVFFQTUyNFkvRmVCCjROSTVBSnJ5ZEhQbGJHcmNBS1Q0dHhiMCszZEgvMUdweWVQVklTSHdnNVRpS2MrbjlpYXd5V3hEK0tJZDJ5ZDMKTGMzSXUwTWlLSjBCS1g3R09TSmZtWDdQYXh6ODRyb0I2V3FhODFJeTd3YzlrNzlzTUFyVGg5RlR2RHEvK0x0RgpQL2FNZzJUdVRQTDhqd09oOC9JTDk0UFJyRUFSMExCSXJGSjYyd1hyU3Q1M1BFRjNRRDhHdjVLVHk5by9uZ2hIClVWVlRoTnJsNGpBV3FraTVleHB4V29ienBvZ2lveUNOUGNvTkt1UE81NWhWemhHdXJyNm5ha1VGRTZTQXpORWkKbXh2NzQwM0I4T28vS0VyNG9sRHg2U1MzbE5mVWFHZ0pZdUUxWThpNUhvYTF4SlIvcUowSWxnNnZkdy9mYjAwVwpMV3prc3BBNjFhUFBId0tDQVFFQS82WHZGa2tvNVBtM0NkdmRoV1pGYm10eHNTTWdjWTY0MjY1UEE5Yk90SDRFCmVmNmZRNGw5R2NDUFppNTh0UTd1emwvckNWOGg4OHI2eU1YU0ZjaWx5Y1gxOW5aa0NUbGYvMjIxTngxWDk1bXIKTDNUdjU0bkdMYmVYbWEzMDMwV3VFRWhSWXVkRExvNTZyWEs0RU5LaDZSV0tLV1JpSnFrenJoZ2RJTTZzWDJoMQpWenVvWnRweWZjVlZSdGxHSmR5SDR3ZEFMZXdhWUJ3SW5adlpvNUVXTG8xczRPY1BtVUlzbnpCdk5sSVgrSU4yClJlZHpOUm9EamUwOXVaM1dSZ1RMKy9INmRxUSs1eW9Wa3JUcEJ6dE5wK0ZLUW5ZckVqTk9ZaWpZWmZRLzdodFUKRmtHQlkwdTlwcFdYMDhGL2V0S2dZK2hxUWVkVDlPYmlicElHcG8yS1RRS0NBUUJDL3VCRXpLQlFrUXJuWGZPcQpPcExEMi90c1JGV3J5djJJZm5OZE9pckl3eWZEdTZ1QXErejg1WnhkNmIxcjBlZXJabUwyT21xSjIvU3NJVGNXClFyMC9ZZS9JUW1jaWJFOW5WckR1Z2FKa0MvUm5VL2hpc2RubGw1aWVIOFEwb1NoNGFSbUJ5OVMwTzQ5WnlqSWkKSElWNGNUakZBZURzK2tBTWVVK3U5aGxUcVZ6ZllzdEdsVGczUFV4a1VOcUhRc3QrUytQMnY3YkZtTW5ndisyawptUDgydEc3ZGNENDRVckRlR0xMT1BuSWszUVVLMFgvb0UzVmpma0x2VzBuanZhOUdqR3lzM2k0Q2NRdHVOZWhhCjhiVHUyU1U0OSszUDdFMG96WUl6NTBvd1VibSs5VENCNGNWazd3ZzFxNS84c0t1aTcvbGlveEkwZkQySVk3QmsKZ0ZOSkFvSUJBUURtTmY2L0N0S1FuMjU4cWtrcFA1ZDJmN3E1ME8vK1VvK1ZBN3FUc25RaGhQbHpBaDlaS2c1RgppbW1Ya25VcWRuQUYxOHBIZml1TTVsUS9TQ1NQQ1VpQ0Vvb1RqemsyTlR5RlA3M1lDOHlUWXdZTWpqa2JQNjMrCnJUMFBYdDhMMEN1VzdnaWNEN1VuejVZWmF4emx5VWVVSlpscy9NQ0dJQWd4MWZVay9mZXJVdDJYMkZrbGhjRmsKRUxkaVBYWTEwZ2xzSDdOanB5RjVPc1ZuYUZqc09sTEhTUU9xNDJmZ2t2NnJ1Mm5xZUxLdFQzVEtMa3BJbjB4awpHaWRqWndiMXRvd2FMU1ZtZ1RGRDZWblQ2cVdOcFpHZ2cvZmpNWlpIcFh3SVdNL0Z2OVZ5RFpvREVLbjdTTkZYCm1ZNUhXZy82QW9IOGRlWjV3bDZRUXZuVXFCcmxFTUJoQW9JQkFCNTZEdGRyb1BsamhBU3ZFa0EyNEhQVnlYNTUKQlhlOURiRy83amJXR2ZSZmtvOEVZZUZQeTlWa2loVG5lbTJPWlJOeTVHNU10VXpJbFlCSTkvMUptYmxST3pPRgo1WnJBNGJ5aXBwTnNtbWY0Q3dtSFNEaXR4RUxRdGRsSGM4U0g3V3dGa2hrZCtrUFRkOHpwT1k5MXczclZOLzJrCkZIdU1lZ3pQMDhqK1l4eTNjT1U0UytaejBESnNvS3JPemJibWVtRlRRcjd5YVlVZmJFSlRTTjc1VHh4NjAySUIKUzN1Q0ZtL210ZkVzejNoKzA4aWZuYkhOZkowWC9GUmpBN1M5OGlsd2dvdU90ZDZDY3JmN252QWhQdWhyY1JGVApxUWVnTjdkWjU1elJ5dDRTeWtlZzBFSlkweVpLeEVpdTZ5UGNWaC90MHlEaUZ5eXNCbFFZZ1pkVXl1Zz0KLS0tLS1FTkQgUlNBIFBSSVZBVEUgS0VZLS0tLS0K\n    token: f1euyd9mbq69d6bmoxzmvofo8qx75at43q8mycgytnsaq7pfv2gxqt9lfixkro8gobyksr1cycfnpbb8xf9cci4sqzmts313o0zbq8y50yd21qcs5wc89fnl6ll900om\n",
            "kubelet_identity": [
              {
                "client_id": "a7e627a4-3196-48d4-a2d6-e391704f9a76",
                "object_id": "6555122a-dc18-4e93-8832-477494737aa3",
                "user_assigned_identity_id": "/subscriptions/160d534d-afc6-40f6-9ca6-1ba9dc7b8ca4/resourceGroups/MC_rg-aks_eaks-cluster_westus/providers/Microsoft.ManagedIdentity/userAssignedIdentities/eaks-cluster-agentpool"
              }
            ],
            "kubernetes_version": "1.35",
            "linux_profile": [],
            "local_account_disabled": false,
            "location": "westus",
            "maintenance_window": [],
            "maintenance_window_auto_upgrade": [],
            "maintenance_window_node_os": [],
            "microsoft_defender": [],
            "monitor_metrics": [],
            "name": "eaks-cluster",
            "network_profile": [
              {
                "advanced_networking": [],
                "dns_service_ip": "10.0.0.10",
                "ip_versions": [
                  "IPv4"
                ],
                "load_balancer_profile": [
                  {
                    "backend_pool_type": "NodeIPConfiguration",
                    "effective_outbound_ips": [
                      "/subscriptions/160d534d-afc6-40f6-9ca6-1ba9dc7b8ca4/resourceGroups/MC_rg-aks_eaks-cluster_westus/providers/Microsoft.Network/publicIPAddresses/861c212b-d779-4c89-a151-c15e484639ff"
                    ],
                    "idle_timeout_in_minutes": 0,
                    "managed_outbound_ip_count": 1,
                    "managed_outbound_ipv6_count": 0,
                    "outbound_ip_address_ids": [],
                    "outbound_ip_prefix_ids": [],
                    "outbound_ports_allocated": 0
                  }
                ],
                "load_balancer_sku": "standard",
                "nat_gateway_profile": [],
                "network_data_plane": "azure",
                "network_mode": "",
                "network_plugin": "azure",
                "network_plugin_mode": "overlay",
                "network_policy": "",
                "outbound_type": "loadBalancer",
                "pod_cidr": "10.244.0.0/16",
                "pod_cidrs": [
                  "10.244.0.0/16"
                ],
                "service_cidr": "10.0.0.0/16",
                "service_cidrs": [
                  "10.0.0.0/16"
                ]
              }
            ],
            "node_os_upgrade_channel": "NodeImage",
            "node_provisioning_profile": [
              {
                "default_node_pools": "Auto",
                "mode": "Auto"
              }
            ],
            "node_resource_group": "MC_rg-aks_eaks-cluster_westus",
            "node_resource_group_id": "/subscriptions/160d534d-afc6-40f6-9ca6-1ba9dc7b8ca4/resourceGroups/MC_rg-aks_eaks-cluster_westus",
            "oidc_issuer_enabled": true,
            "oidc_issuer_url": "https://westus.oic.prod-aks.azure.com/f8163445-6c70-454f-8963-bfc99239ca72/13e7354e-8c27-43ff-bde3-779db5529b62/",
            "oms_agent": [],
            "open_service_mesh_enabled": false,
            "portal_fqdn": "aksdns-4o4dtjz1.portal.hcp.westus.azmk8s.io",
            "private_cluster_enabled": false,
            "private_cluster_public_fqdn_enabled": false,
            "private_dns_zone_id": "",
            "private_fqdn": "",
            "resource_group_name": "rg-aks",
            "role_based_access_control_enabled": true,
            "run_command_enabled": true,
            "service_mesh_profile": [],
            "service_principal": [],
            "sku_tier": "Free",
            "storage_profile": [],
            "support_plan": "KubernetesOfficial",
            "tags": null,
            "timeouts": null,
            "upgrade_override": [],
            "web_app_routing": [],
            "windows_profile": [],
            "workload_autoscaler_profile": [],
            "workload_identity_enabled": true
          },
          "sensitive_attributes": [
            [
              {
                "type": "get_attr",
                "value": "kube_admin_config"
              }
            ],
            [
              {
                "type": "get_attr",
                "value": "kube_admin_config_raw"
              }
            ],
            [
              {
                "type": "get_attr",
                "value": "kube_config"
              }
            ],
            [
              {
                "type": "get_attr",
                "value": "kube_config_raw"
              }
            ]
          ],
          "identity_schema_version": 0,
          "private": "eyJlMmJmYjczMC1lY2FhLTExZTYtOGY4OC0zNDM2M2JjN2M0YzAiOnsiY3JlYXRlIjo1NDAwMDAwMDAwMDAwLCJkZWxldGUiOjU0MDAwMDAwMDAwMDAsInJlYWQiOjMwMDAwMDAwMDAwMCwidXBkYXRlIjo1NDAwMDAwMDAwMDAwfSwic2NoZW1hX3ZlcnNpb24iOiIyIn0=",
          "dependencies": [
            "azurerm_resource_group.rg",
            "azurerm_subnet.aks_subnet",
            "azurerm_virtual_network.aks_vnet"
          ]
        }
      ]
    },
    {
      "mode": "managed",
      "type": "azurerm_private_dns_zone",
      "name": "kv_dns",
      "provider": "provider[\"registry.terraform.io/hashicorp/azurerm\"]",
      "instances": [
        {
          "schema_version": 0,
          "attributes": {
            "id": "/subscriptions/160d534d-afc6-40f6-9ca6-1ba9dc7b8ca4/resourceGroups/rg-aks/providers/Microsoft.Network/privateDnsZones/privatelink.vaultcore.azure.net",
            "max_number_of_record_sets": 25000,
            "max_number_of_virtual_network_links": 1000,
            "max_number_of_virtual_network_links_with_registration": 100,
            "name": "privatelink.vaultcore.azure.net",
            "number_of_record_sets": 1,
            "resource_group_name": "rg-aks",
            "soa_record": [
              {
                "email": "azureprivatedns-host.microsoft.com",
                "expire_time": 2419200,
                "fqdn": "privatelink.vaultcore.azure.net.",
                "host_name": "azureprivatedns.net",
                "minimum_ttl": 10,
                "refresh_time": 3600,
                "retry_time": 300,
                "serial_number": 1,
                "tags": {},
                "ttl": 3600
              }
            ],
            "tags": null,
            "timeouts": null
          },
          "sensitive_attributes": [],
          "identity_schema_version": 0,
          "identity": {
            "name": "privatelink.vaultcore.azure.net",
            "resource_group_name": "rg-aks",
            "subscription_id": "160d534d-afc6-40f6-9ca6-1ba9dc7b8ca4"
          },
          "private": "eyJlMmJmYjczMC1lY2FhLTExZTYtOGY4OC0zNDM2M2JjN2M0YzAiOnsiY3JlYXRlIjoxODAwMDAwMDAwMDAwLCJkZWxldGUiOjE4MDAwMDAwMDAwMDAsInJlYWQiOjMwMDAwMDAwMDAwMCwidXBkYXRlIjoxODAwMDAwMDAwMDAwfX0=",
          "dependencies": [
            "azurerm_resource_group.rg"
          ]
        }
      ]
    },
    {
      "mode": "managed",
      "type": "azurerm_private_dns_zone_virtual_network_link",
      "name": "kv_dns_link",
      "provider": "provider[\"registry.terraform.io/hashicorp/azurerm\"]",
      "instances": [
        {
          "schema_version": 0,
          "attributes": {
            "id": "/subscriptions/160d534d-afc6-40f6-9ca6-1ba9dc7b8ca4/resourceGroups/rg-aks/providers/Microsoft.Network/privateDnsZones/privatelink.vaultcore.azure.net/virtualNetworkLinks/kv-dns-link",
            "name": "kv-dns-link",
            "private_dns_zone_name": "privatelink.vaultcore.azure.net",
            "registration_enabled": false,
            "resolution_policy": "Default",
            "resource_group_name": "rg-aks",
            "tags": null,
            "timeouts": null,
            "virtual_network_id": "/subscriptions/160d534d-afc6-40f6-9ca6-1ba9dc7b8ca4/resourceGroups/rg-aks/providers/Microsoft.Network/virtualNetworks/aks-vnet"
          },
          "sensitive_attributes": [],
          "identity_schema_version": 0,
          "identity": {
            "name": "kv-dns-link",
            "private_dns_zone_name": "privatelink.vaultcore.azure.net",
            "resource_group_name": "rg-aks",
            "subscription_id": "160d534d-afc6-40f6-9ca6-1ba9dc7b8ca4"
          },
          "private": "eyJlMmJmYjczMC1lY2FhLTExZTYtOGY4OC0zNDM2M2JjN2M0YzAiOnsiY3JlYXRlIjoxODAwMDAwMDAwMDAwLCJkZWxldGUiOjE4MDAwMDAwMDAwMDAsInJlYWQiOjMwMDAwMDAwMDAwMCwidXBkYXRlIjoxODAwMDAwMDAwMDAwfX0=",
          "dependencies": [
            "azurerm_private_dns_zone.kv_dns",
            "azurerm_resource_group.rg",
            "azurerm_virtual_network.aks_vnet"
          ]
        }
      ]
    },
    {
      "mode": "managed",
      "type": "azurerm_private_endpoint",
      "name": "keyvault_pe",
      "provider": "provider[\"registry.terraform.io/hashicorp/azurerm\"]",
      "instances": [
        {
          "schema_version": 0,
          "attributes": {
            "custom_dns_configs": [],
            "custom_network_interface_name": "",
            "edge_zone": "",
            "id": "/subscriptions/160d534d-afc6-40f6-9ca6-1ba9dc7b8ca4/resourceGroups/rg-aks/providers/Microsoft.Network/privateEndpoints/keyvault-pe",
            "ip_configuration": [],
            "location": "westus",
            "name": "keyvault-pe",
            "network_interface": [
              {
                "id": "/subscriptions/160d534d-afc6-40f6-9ca6-1ba9dc7b8ca4/resourceGroups/rg-aks/providers/Microsoft.Network/networkInterfaces/keyvault-pe.nic.034775c1-2e05-4f67-b2c9-e7583db8bd3f",
                "name": "keyvault-pe.nic.034775c1-2e05-4f67-b2c9-e7583db8bd3f"
              }
            ],
            "private_dns_zone_configs": [
              {
                "id": "/subscriptions/160d534d-afc6-40f6-9ca6-1ba9dc7b8ca4/resourceGroups/rg-aks/providers/Microsoft.Network/privateEndpoints/keyvault-pe/privateDnsZoneGroups/kv-dns-group/privateDnsZoneConfigs/privatelink.vaultcore.azure.net",
                "name": "privatelink.vaultcore.azure.net",
                "private_dns_zone_id": "/subscriptions/160d534d-afc6-40f6-9ca6-1ba9dc7b8ca4/resourceGroups/rg-aks/providers/Microsoft.Network/privateDnsZones/privatelink.vaultcore.azure.net",
                "record_sets": [
                  {
                    "fqdn": "azrkeyvault-axion-2026.privatelink.vaultcore.azure.net",
                    "ip_addresses": [
                      "10.1.0.5"
                    ],
                    "name": "azrkeyvault-axion-2026",
                    "ttl": 10,
                    "type": "A"
                  }
                ]
              }
            ],
            "private_dns_zone_group": [
              {
                "id": "/subscriptions/160d534d-afc6-40f6-9ca6-1ba9dc7b8ca4/resourceGroups/rg-aks/providers/Microsoft.Network/privateEndpoints/keyvault-pe/privateDnsZoneGroups/kv-dns-group",
                "name": "kv-dns-group",
                "private_dns_zone_ids": [
                  "/subscriptions/160d534d-afc6-40f6-9ca6-1ba9dc7b8ca4/resourceGroups/rg-aks/providers/Microsoft.Network/privateDnsZones/privatelink.vaultcore.azure.net"
                ]
              }
            ],
            "private_service_connection": [
              {
                "is_manual_connection": false,
                "name": "keyvault-psc",
                "private_connection_resource_alias": "",
                "private_connection_resource_id": "/subscriptions/160d534d-afc6-40f6-9ca6-1ba9dc7b8ca4/resourceGroups/rg-aks/providers/Microsoft.KeyVault/vaults/azrkeyvault-axion-2026",
                "private_ip_address": "10.1.0.5",
                "request_message": "",
                "subresource_names": [
                  "vault"
                ]
              }
            ],
            "resource_group_name": "rg-aks",
            "subnet_id": "/subscriptions/160d534d-afc6-40f6-9ca6-1ba9dc7b8ca4/resourceGroups/rg-aks/providers/Microsoft.Network/virtualNetworks/aks-vnet/subnets/aks-subnet",
            "tags": null,
            "timeouts": null
          },
          "sensitive_attributes": [],
          "identity_schema_version": 0,
          "identity": {
            "name": "keyvault-pe",
            "resource_group_name": "rg-aks",
            "subscription_id": "160d534d-afc6-40f6-9ca6-1ba9dc7b8ca4"
          },
          "private": "eyJlMmJmYjczMC1lY2FhLTExZTYtOGY4OC0zNDM2M2JjN2M0YzAiOnsiY3JlYXRlIjozNjAwMDAwMDAwMDAwLCJkZWxldGUiOjM2MDAwMDAwMDAwMDAsInJlYWQiOjMwMDAwMDAwMDAwMCwidXBkYXRlIjozNjAwMDAwMDAwMDAwfX0=",
          "dependencies": [
            "azurerm_key_vault.vault",
            "azurerm_kubernetes_cluster.aks",
            "azurerm_private_dns_zone.kv_dns",
            "azurerm_resource_group.rg",
            "azurerm_subnet.aks_subnet",
            "azurerm_user_assigned_identity.aks_workload",
            "azurerm_virtual_network.aks_vnet",
            "data.azurerm_client_config.current"
          ]
        }
      ]
    },
    {
      "mode": "managed",
      "type": "azurerm_resource_group",
      "name": "rg",
      "provider": "provider[\"registry.terraform.io/hashicorp/azurerm\"]",
      "instances": [
        {
          "schema_version": 0,
          "attributes": {
            "id": "/subscriptions/160d534d-afc6-40f6-9ca6-1ba9dc7b8ca4/resourceGroups/rg-aks",
            "location": "westus",
            "managed_by": "",
            "name": "rg-aks",
            "tags": null,
            "timeouts": null
          },
          "sensitive_attributes": [],
          "identity_schema_version": 0,
          "identity": {
            "name": "rg-aks",
            "subscription_id": "160d534d-afc6-40f6-9ca6-1ba9dc7b8ca4"
          },
          "private": "eyJlMmJmYjczMC1lY2FhLTExZTYtOGY4OC0zNDM2M2JjN2M0YzAiOnsiY3JlYXRlIjo1NDAwMDAwMDAwMDAwLCJkZWxldGUiOjU0MDAwMDAwMDAwMDAsInJlYWQiOjMwMDAwMDAwMDAwMCwidXBkYXRlIjo1NDAwMDAwMDAwMDAwfX0="
        }
      ]
    },
    {
      "mode": "managed",
      "type": "azurerm_role_assignment",
      "name": "aks_acr_pull",
      "provider": "provider[\"registry.terraform.io/hashicorp/azurerm\"]",
      "instances": [
        {
          "schema_version": 0,
          "attributes": {
            "condition": "",
            "condition_version": "",
            "delegated_managed_identity_resource_id": "",
            "description": "",
            "id": "/subscriptions/160d534d-afc6-40f6-9ca6-1ba9dc7b8ca4/resourceGroups/rg-aks/providers/Microsoft.ContainerRegistry/registries/axionacr2029/providers/Microsoft.Authorization/roleAssignments/dd75a1e1-d77d-eb02-9d65-425961a75b48",
            "name": "dd75a1e1-d77d-eb02-9d65-425961a75b48",
            "principal_id": "6555122a-dc18-4e93-8832-477494737aa3",
            "principal_type": "ServicePrincipal",
            "role_definition_id": "/subscriptions/160d534d-afc6-40f6-9ca6-1ba9dc7b8ca4/providers/Microsoft.Authorization/roleDefinitions/7f951dda-4ed3-4680-a7ca-43fe172d538d",
            "role_definition_name": "AcrPull",
            "scope": "/subscriptions/160d534d-afc6-40f6-9ca6-1ba9dc7b8ca4/resourceGroups/rg-aks/providers/Microsoft.ContainerRegistry/registries/axionacr2029",
            "skip_service_principal_aad_check": null,
            "timeouts": null
          },
          "sensitive_attributes": [],
          "identity_schema_version": 0,
          "private": "eyJlMmJmYjczMC1lY2FhLTExZTYtOGY4OC0zNDM2M2JjN2M0YzAiOnsiY3JlYXRlIjoxODAwMDAwMDAwMDAwLCJkZWxldGUiOjE4MDAwMDAwMDAwMDAsInJlYWQiOjMwMDAwMDAwMDAwMH19",
          "dependencies": [
            "azurerm_container_registry.acr",
            "azurerm_kubernetes_cluster.aks",
            "azurerm_resource_group.rg",
            "azurerm_subnet.aks_subnet",
            "azurerm_virtual_network.aks_vnet"
          ]
        }
      ]
    },
    {
      "mode": "managed",
      "type": "azurerm_role_assignment",
      "name": "my_acr_push",
      "provider": "provider[\"registry.terraform.io/hashicorp/azurerm\"]",
      "instances": [
        {
          "schema_version": 0,
          "attributes": {
            "condition": "",
            "condition_version": "",
            "delegated_managed_identity_resource_id": "",
            "description": "",
            "id": "/subscriptions/160d534d-afc6-40f6-9ca6-1ba9dc7b8ca4/resourceGroups/rg-aks/providers/Microsoft.ContainerRegistry/registries/axionacr2029/providers/Microsoft.Authorization/roleAssignments/a5dc0c47-2c44-5abe-bd61-2799b83ab5b3",
            "name": "a5dc0c47-2c44-5abe-bd61-2799b83ab5b3",
            "principal_id": "5801b9a8-0900-408f-b4b6-981713449fdf",
            "principal_type": "User",
            "role_definition_id": "/subscriptions/160d534d-afc6-40f6-9ca6-1ba9dc7b8ca4/providers/Microsoft.Authorization/roleDefinitions/8311e382-0749-4cb8-b61a-304f252e45ec",
            "role_definition_name": "AcrPush",
            "scope": "/subscriptions/160d534d-afc6-40f6-9ca6-1ba9dc7b8ca4/resourceGroups/rg-aks/providers/Microsoft.ContainerRegistry/registries/axionacr2029",
            "skip_service_principal_aad_check": null,
            "timeouts": null
          },
          "sensitive_attributes": [],
          "identity_schema_version": 0,
          "private": "eyJlMmJmYjczMC1lY2FhLTExZTYtOGY4OC0zNDM2M2JjN2M0YzAiOnsiY3JlYXRlIjoxODAwMDAwMDAwMDAwLCJkZWxldGUiOjE4MDAwMDAwMDAwMDAsInJlYWQiOjMwMDAwMDAwMDAwMH19",
          "dependencies": [
            "azurerm_container_registry.acr",
            "azurerm_resource_group.rg",
            "data.azurerm_client_config.current"
          ]
        }
      ]
    },
    {
      "mode": "managed",
      "type": "azurerm_subnet",
      "name": "aks_subnet",
      "provider": "provider[\"registry.terraform.io/hashicorp/azurerm\"]",
      "instances": [
        {
          "schema_version": 0,
          "attributes": {
            "address_prefixes": [
              "10.1.0.0/24"
            ],
            "default_outbound_access_enabled": true,
            "delegation": [],
            "id": "/subscriptions/160d534d-afc6-40f6-9ca6-1ba9dc7b8ca4/resourceGroups/rg-aks/providers/Microsoft.Network/virtualNetworks/aks-vnet/subnets/aks-subnet",
            "ip_address_pool": [],
            "name": "aks-subnet",
            "private_endpoint_network_policies": "Disabled",
            "private_link_service_network_policies_enabled": true,
            "resource_group_name": "rg-aks",
            "service_endpoint_policy_ids": null,
            "service_endpoints": null,
            "sharing_scope": "",
            "timeouts": null,
            "virtual_network_name": "aks-vnet"
          },
          "sensitive_attributes": [],
          "identity_schema_version": 0,
          "identity": {
            "name": "aks-subnet",
            "resource_group_name": "rg-aks",
            "subscription_id": "160d534d-afc6-40f6-9ca6-1ba9dc7b8ca4",
            "virtual_network_name": "aks-vnet"
          },
          "private": "eyJlMmJmYjczMC1lY2FhLTExZTYtOGY4OC0zNDM2M2JjN2M0YzAiOnsiY3JlYXRlIjoxODAwMDAwMDAwMDAwLCJkZWxldGUiOjE4MDAwMDAwMDAwMDAsInJlYWQiOjMwMDAwMDAwMDAwMCwidXBkYXRlIjoxODAwMDAwMDAwMDAwfX0=",
          "dependencies": [
            "azurerm_resource_group.rg",
            "azurerm_virtual_network.aks_vnet"
          ]
        }
      ]
    },
    {
      "mode": "managed",
      "type": "azurerm_user_assigned_identity",
      "name": "aks_workload",
      "provider": "provider[\"registry.terraform.io/hashicorp/azurerm\"]",
      "instances": [
        {
          "schema_version": 1,
          "attributes": {
            "client_id": "61af4870-b0c0-4c30-b8a5-61b3dcc66486",
            "id": "/subscriptions/160d534d-afc6-40f6-9ca6-1ba9dc7b8ca4/resourceGroups/rg-aks/providers/Microsoft.ManagedIdentity/userAssignedIdentities/aks-workload-identity",
            "isolation_scope": "",
            "location": "westus",
            "name": "aks-workload-identity",
            "principal_id": "875bc1ce-8844-40bf-86b6-45538944a946",
            "resource_group_name": "rg-aks",
            "tags": null,
            "tenant_id": "f8163445-6c70-454f-8963-bfc99239ca72",
            "timeouts": null
          },
          "sensitive_attributes": [],
          "identity_schema_version": 0,
          "private": "eyJlMmJmYjczMC1lY2FhLTExZTYtOGY4OC0zNDM2M2JjN2M0YzAiOnsiY3JlYXRlIjoxODAwMDAwMDAwMDAwLCJkZWxldGUiOjE4MDAwMDAwMDAwMDAsInJlYWQiOjMwMDAwMDAwMDAwMCwidXBkYXRlIjoxODAwMDAwMDAwMDAwfSwic2NoZW1hX3ZlcnNpb24iOiIxIn0=",
          "dependencies": [
            "azurerm_resource_group.rg"
          ]
        }
      ]
    },
    {
      "mode": "managed",
      "type": "azurerm_virtual_network",
      "name": "aks_vnet",
      "provider": "provider[\"registry.terraform.io/hashicorp/azurerm\"]",
      "instances": [
        {
          "schema_version": 0,
          "attributes": {
            "address_space": [
              "10.1.0.0/16"
            ],
            "bgp_community": "",
            "ddos_protection_plan": [],
            "dns_servers": [],
            "edge_zone": "",
            "encryption": [],
            "flow_timeout_in_minutes": 0,
            "guid": "11afff49-ad6c-4f28-9d77-e3b1ac51a82a",
            "id": "/subscriptions/160d534d-afc6-40f6-9ca6-1ba9dc7b8ca4/resourceGroups/rg-aks/providers/Microsoft.Network/virtualNetworks/aks-vnet",
            "ip_address_pool": [],
            "location": "westus",
            "name": "aks-vnet",
            "private_endpoint_vnet_policies": "Disabled",
            "resource_group_name": "rg-aks",
            "subnet": [],
            "tags": null,
            "timeouts": null
          },
          "sensitive_attributes": [],
          "identity_schema_version": 0,
          "identity": {
            "name": "aks-vnet",
            "resource_group_name": "rg-aks",
            "subscription_id": "160d534d-afc6-40f6-9ca6-1ba9dc7b8ca4"
          },
          "private": "eyJlMmJmYjczMC1lY2FhLTExZTYtOGY4OC0zNDM2M2JjN2M0YzAiOnsiY3JlYXRlIjoxODAwMDAwMDAwMDAwLCJkZWxldGUiOjE4MDAwMDAwMDAwMDAsInJlYWQiOjMwMDAwMDAwMDAwMCwidXBkYXRlIjoxODAwMDAwMDAwMDAwfX0=",
          "dependencies": [
            "azurerm_resource_group.rg"
          ]
        }
      ]
    }
  ],
  "check_results": null
}
